Microsoft Visual Studio Solution File, Format Version 12.00
# Visual Studio Version 17
VisualStudioVersion = 17.14.35821.62
MinimumVisualStudioVersion = 10.0.40219.1
Project("{FAE04EC0-301F-11D3-BF4B-00C04F79EFBC}") = "addaccount", "addaccount\addaccount.csproj", "{EE3D37FE-5BD7-43C5-A3ED-37F3B340FE61}"
EndProject
Global
	GlobalSection(SolutionConfigurationPlatforms) = preSolution
		Debug|Any CPU = Debug|Any CPU
		Release|Any CPU = Release|Any CPU
	EndGlobalSection
	GlobalSection(ProjectConfigurationPlatforms) = postSolution
		{EE3D37FE-5BD7-43C5-A3ED-37F3B340FE61}.Debug|Any CPU.ActiveCfg = Debug|Any CPU
		{EE3D37FE-5BD7-43C5-A3ED-37F3B340FE61}.Debug|Any CPU.Build.0 = Debug|Any CPU
		{EE3D37FE-5BD7-43C5-A3ED-37F3B340FE61}.Release|Any CPU.ActiveCfg = Release|Any CPU
		{EE3D37FE-5BD7-43C5-A3ED-37F3B340FE61}.Release|Any CPU.Build.0 = Release|Any CPU
	EndGlobalSection
	GlobalSection(SolutionProperties) = preSolution
		HideSolutionNode = FALSE
	EndGlobalSection
	GlobalSection(ExtensibilityGlobals) = postSolution
		SolutionGuid = {79DE69C2-F7CB-47A8-AE48-0D8167902224}
	EndGlobalSection
EndGlobal
